
Microsoft Visual Studio Solution File, Format Version 12.00
# Visual Studio Version 17
VisualStudioVersion = 17.2.32616.157
MinimumVisualStudioVersion = 10.0.40219.1
Project("{9A19103F-16F7-4668-BE54-9A1E7A4F7556}") = "Smurves", "smurves\Smurves.csproj", "{B5FC1C4E-5017-4194-AC9E-756B1EDD1962}"
EndProject
Project("{FAE04EC0-301F-11D3-BF4B-00C04F79EFBC}") = "Example", "examples\Example.csproj", "{120740F5-6080-414C-B5D3-A9681B211984}"
EndProject
Project("{2150E333-8FDC-42A3-9474-1A3956D46DE8}") = "Solution Items", "Solution Items", "{664B31AA-F8D1-4BD2-A550-4016EB50C48C}"
	ProjectSection(SolutionItems) = preProject
		.editorconfig = .editorconfig
	EndProjectSection
EndProject
Global
	GlobalSection(SolutionConfigurationPlatforms) = preSolution
		Debug|Any CPU = Debug|Any CPU
		Release|Any CPU = Release|Any CPU
	EndGlobalSection
	GlobalSection(ProjectConfigurationPlatforms) = postSolution
		{B5FC1C4E-5017-4194-AC9E-756B1EDD1962}.Debug|Any CPU.ActiveCfg = Debug|Any CPU
		{B5FC1C4E-5017-4194-AC9E-756B1EDD1962}.Debug|Any CPU.Build.0 = Debug|Any CPU
		{B5FC1C4E-5017-4194-AC9E-756B1EDD1962}.Release|Any CPU.ActiveCfg = Release|Any CPU
		{B5FC1C4E-5017-4194-AC9E-756B1EDD1962}.Release|Any CPU.Build.0 = Release|Any CPU
		{120740F5-6080-414C-B5D3-A9681B211984}.Debug|Any CPU.ActiveCfg = Debug|Any CPU
		{120740F5-6080-414C-B5D3-A9681B211984}.Debug|Any CPU.Build.0 = Debug|Any CPU
		{120740F5-6080-414C-B5D3-A9681B211984}.Release|Any CPU.ActiveCfg = Release|Any CPU
		{120740F5-6080-414C-B5D3-A9681B211984}.Release|Any CPU.Build.0 = Release|Any CPU
	EndGlobalSection
	GlobalSection(SolutionProperties) = preSolution
		HideSolutionNode = FALSE
	EndGlobalSection
	GlobalSection(ExtensibilityGlobals) = postSolution
		SolutionGuid = {ABCE8CFB-CCE3-4E62-839A-07739DBDEDCD}
	EndGlobalSection
EndGlobal
